
Microsoft Visual Studio Solution File, Format Version 12.00
# Visual Studio Version 17
VisualStudioVersion = 17.0.32126.317
MinimumVisualStudioVersion = 10.0.40219.1
Project("{9A19103F-16F7-4668-BE54-9A1E7A4F7556}") = "DayZServerController", "DayZServerController\DayZServerController.csproj", "{F8492B5A-948C-4E4C-BF12-E33F12F23CC6}"
EndProject
Project("{9A19103F-16F7-4668-BE54-9A1E7A4F7556}") = "DayZServerControllerUnitTests", "DayZServerControllerUnitTests\DayZServerControllerUnitTests.csproj", "{53116612-DE25-4B93-8324-33EAAFCD7BC8}"
EndProject
Global
	GlobalSection(SolutionConfigurationPlatforms) = preSolution
		Debug|Any CPU = Debug|Any CPU
		Release|Any CPU = Release|Any CPU
	EndGlobalSection
	GlobalSection(ProjectConfigurationPlatforms) = postSolution
		{F8492B5A-948C-4E4C-BF12-E33F12F23CC6}.Debug|Any CPU.ActiveCfg = Debug|Any CPU
		{F8492B5A-948C-4E4C-BF12-E33F12F23CC6}.Debug|Any CPU.Build.0 = Debug|Any CPU
		{F8492B5A-948C-4E4C-BF12-E33F12F23CC6}.Release|Any CPU.ActiveCfg = Release|Any CPU
		{F8492B5A-948C-4E4C-BF12-E33F12F23CC6}.Release|Any CPU.Build.0 = Release|Any CPU
		{53116612-DE25-4B93-8324-33EAAFCD7BC8}.Debug|Any CPU.ActiveCfg = Debug|Any CPU
		{53116612-DE25-4B93-8324-33EAAFCD7BC8}.Debug|Any CPU.Build.0 = Debug|Any CPU
		{53116612-DE25-4B93-8324-33EAAFCD7BC8}.Release|Any CPU.ActiveCfg = Release|Any CPU
		{53116612-DE25-4B93-8324-33EAAFCD7BC8}.Release|Any CPU.Build.0 = Release|Any CPU
	EndGlobalSection
	GlobalSection(SolutionProperties) = preSolution
		HideSolutionNode = FALSE
	EndGlobalSection
	GlobalSection(ExtensibilityGlobals) = postSolution
		SolutionGuid = {73C41C26-1AD4-4D4E-8116-9DDA100420E7}
	EndGlobalSection
EndGlobal
